github.com/chzyer/logex v1.1.10/go.mod h1:+Ywpsq7O8HXn0nuIou7OrIPyXbp3wmkHB+jjWRnGsAI=
github.com/chzyer/readline v0.0.0-20180603132655-2972be24d48e h1:fY5BOSpyZCqRo5OhCuC+XN+r/bBCmeuuJtjz+bCNIf8=
github.com/chzyer/readline v0.0.0-20180603132655-2972be24d48e/go.mod h1:nSuG5e5PlCu98SY8svDHJxuZscDgtXS6KTTbou5AhLI=
github.com/chzyer/test v0.0.0-20180213035817-a1ea475d72b1/go.mod h1:Q3SI9o4m/ZMnBNeIyt5eFwwo7qiLfzFZmjNmxjkiQlU=
github.com/lspaccatrosi16/go-cli-tools v0.1.5 h1:q7YrHEvJ+rK9csfOTQK4DZapg2fOJhuIS9oRtscwTvQ=
github.com/lspaccatrosi16/go-cli-tools v0.1.5/go.mod h1:iyhfknfKS9U80OXFUiPjJCBj7YK086ZgoLJqZoN5AaE=
github.com/lspaccatrosi16/go-cli-tools v0.5.5 h1:Mwp0zt0uXhYWPOcxejBobZMdIvOsdIFlHk4Gxy2vaeI=
github.com/lspaccatrosi16/go-cli-tools v0.5.5/go.mod h1:aZSwLWdTQSF8aFQPkeZFutdR/9/ZeSR6n8cL2YJrcyo=
github.com/lspaccatrosi16/go-libs v0.2.2 h1:M/6knDS5D4lmmCybzgeMRQAcP8ld33nEyXp8BSyA3Po=
github.com/lspaccatrosi16/go-libs v0.2.2/go.mod h1:lrZCTsA+8TBww9p1VkdwtgDs36wCoS4hW8Ybx2iCKEY=
github.com/manifoldco/promptui v0.9.0 h1:3V4HzJk1TtXW1MTZMP7mdlwbBpIinw3HztaIlYthEiA=
github.com/manifoldco/promptui v0.9.0/go.mod h1:ka04sppxSGFAtxX0qhlYQjISsg9mR4GWtQEhdbn6Pgg=
golang.org/x/sys v0.0.0-20181122145206-62eef0e2fa9b/go.mod h1:STP8DvDyc/dI5b8T5hshtkjS+E42TnysNCUPdjciGhY=
golang.org/x/sys v0.13.0 h1:Af8nKPmuFypiUBjVoU9V20FiaFXOcuZI21p0ycVYYGE=
golang.org/x/sys v0.13.0/go.mod h1:oPkhp1MJrh7nUepCBck5+mAzfO9JrbApNNgaTdGDITg=
gopkg.in/check.v1 v0.0.0-20161208181325-20d25e280405/go.mod h1:Co6ibVJAznAaIkqp8huTwlJQCZ016jof/cbN4VW5Yz0=
gopkg.in/yaml.v3 v3.0.1 h1:fxVm/GzAzEWqLHuvctI91KS9hhNmmWOoWu0XTYJS7CA=
gopkg.in/yaml.v3 v3.0.1/go.mod h1:K4uyk7z7BCEPqu6E+C64Yfv1cQ7kz7rIZviUmN+EgEM=
