github.com/lspaccatrosi16/go-cli-tools v0.1.5 h1:q7YrHEvJ+rK9csfOTQK4DZapg2fOJhuIS9oRtscwTvQ=
github.com/lspaccatrosi16/go-cli-tools v0.1.5/go.mod h1:iyhfknfKS9U80OXFUiPjJCBj7YK086ZgoLJqZoN5AaE=
github.com/lspaccatrosi16/go-cli-tools v0.5.5 h1:Mwp0zt0uXhYWPOcxejBobZMdIvOsdIFlHk4Gxy2vaeI=
github.com/lspaccatrosi16/go-cli-tools v0.5.5/go.mod h1:aZSwLWdTQSF8aFQPkeZFutdR/9/ZeSR6n8cL2YJrcyo=
gopkg.in/check.v1 v0.0.0-20161208181325-20d25e280405/go.mod h1:Co6ibVJAznAaIkqp8huTwlJQCZ016jof/cbN4VW5Yz0=
gopkg.in/yaml.v3 v3.0.1 h1:fxVm/GzAzEWqLHuvctI91KS9hhNmmWOoWu0XTYJS7CA=
gopkg.in/yaml.v3 v3.0.1/go.mod h1:K4uyk7z7BCEPqu6E+C64Yfv1cQ7kz7rIZviUmN+EgEM=
